
Microsoft Visual Studio Solution File, Format Version 12.00
# Visual Studio Version 16
VisualStudioVersion = 16.0.31025.194
MinimumVisualStudioVersion = 10.0.40219.1
Project("{FAE04EC0-301F-11D3-BF4B-00C04F79EFBC}") = "BO", "BO\BO.csproj", "{48ED1713-315F-4CC5-847B-554F1A272977}"
EndProject
Project("{FAE04EC0-301F-11D3-BF4B-00C04F79EFBC}") = "Negocio", "Negocio\Negocio.csproj", "{ABE7694A-08E4-42B2-837C-49066D6E45B9}"
EndProject
Project("{FAE04EC0-301F-11D3-BF4B-00C04F79EFBC}") = "AppWindowsVentas", "AppWindowsVentas\AppWindowsVentas.csproj", "{BB197A27-0254-44EB-8B2F-A33E5FC79020}"
EndProject
Global
	GlobalSection(SolutionConfigurationPlatforms) = preSolution
		Debug|Any CPU = Debug|Any CPU
		Release|Any CPU = Release|Any CPU
	EndGlobalSection
	GlobalSection(ProjectConfigurationPlatforms) = postSolution
		{48ED1713-315F-4CC5-847B-554F1A272977}.Debug|Any CPU.ActiveCfg = Debug|Any CPU
		{48ED1713-315F-4CC5-847B-554F1A272977}.Debug|Any CPU.Build.0 = Debug|Any CPU
		{48ED1713-315F-4CC5-847B-554F1A272977}.Release|Any CPU.ActiveCfg = Release|Any CPU
		{48ED1713-315F-4CC5-847B-554F1A272977}.Release|Any CPU.Build.0 = Release|Any CPU
		{ABE7694A-08E4-42B2-837C-49066D6E45B9}.Debug|Any CPU.ActiveCfg = Debug|Any CPU
		{ABE7694A-08E4-42B2-837C-49066D6E45B9}.Debug|Any CPU.Build.0 = Debug|Any CPU
		{ABE7694A-08E4-42B2-837C-49066D6E45B9}.Release|Any CPU.ActiveCfg = Release|Any CPU
		{ABE7694A-08E4-42B2-837C-49066D6E45B9}.Release|Any CPU.Build.0 = Release|Any CPU
		{BB197A27-0254-44EB-8B2F-A33E5FC79020}.Debug|Any CPU.ActiveCfg = Debug|Any CPU
		{BB197A27-0254-44EB-8B2F-A33E5FC79020}.Debug|Any CPU.Build.0 = Debug|Any CPU
		{BB197A27-0254-44EB-8B2F-A33E5FC79020}.Release|Any CPU.ActiveCfg = Release|Any CPU
		{BB197A27-0254-44EB-8B2F-A33E5FC79020}.Release|Any CPU.Build.0 = Release|Any CPU
	EndGlobalSection
	GlobalSection(SolutionProperties) = preSolution
		HideSolutionNode = FALSE
	EndGlobalSection
	GlobalSection(ExtensibilityGlobals) = postSolution
		SolutionGuid = {FA7F031B-C7B5-46AB-A1C8-D4E66DF4C870}
	EndGlobalSection
EndGlobal
