
Microsoft Visual Studio Solution File, Format Version 12.00
# Visual Studio Version 16
VisualStudioVersion = 16.0.31025.194
MinimumVisualStudioVersion = 10.0.40219.1
Project("{FAE04EC0-301F-11D3-BF4B-00C04F79EFBC}") = "WindowsAppRelacionObjetos", "WindowsAppRelacionObjetos\WindowsAppRelacionObjetos.csproj", "{8514CB5B-8F33-4583-BC7E-325D01CE693B}"
EndProject
Global
	GlobalSection(SolutionConfigurationPlatforms) = preSolution
		Debug|Any CPU = Debug|Any CPU
		Release|Any CPU = Release|Any CPU
	EndGlobalSection
	GlobalSection(ProjectConfigurationPlatforms) = postSolution
		{8514CB5B-8F33-4583-BC7E-325D01CE693B}.Debug|Any CPU.ActiveCfg = Debug|Any CPU
		{8514CB5B-8F33-4583-BC7E-325D01CE693B}.Debug|Any CPU.Build.0 = Debug|Any CPU
		{8514CB5B-8F33-4583-BC7E-325D01CE693B}.Release|Any CPU.ActiveCfg = Release|Any CPU
		{8514CB5B-8F33-4583-BC7E-325D01CE693B}.Release|Any CPU.Build.0 = Release|Any CPU
	EndGlobalSection
	GlobalSection(SolutionProperties) = preSolution
		HideSolutionNode = FALSE
	EndGlobalSection
	GlobalSection(ExtensibilityGlobals) = postSolution
		SolutionGuid = {9823087D-0043-47CB-B360-32DF20D12794}
	EndGlobalSection
EndGlobal
