
Microsoft Visual Studio Solution File, Format Version 12.00
# Visual Studio Version 16
VisualStudioVersion = 16.0.31025.194
MinimumVisualStudioVersion = 10.0.40219.1
Project("{FAE04EC0-301F-11D3-BF4B-00C04F79EFBC}") = "SistemaFacturación", "SistemaFacturación\SistemaFacturación.csproj", "{250433B4-7C4A-4A91-A708-CA0D94C21437}"
EndProject
Project("{FAE04EC0-301F-11D3-BF4B-00C04F79EFBC}") = "Entidades", "Entidades\Entidades.csproj", "{06A612B0-B255-4AF3-82BE-545524C6EDA1}"
EndProject
Project("{FAE04EC0-301F-11D3-BF4B-00C04F79EFBC}") = "Negocio", "Negocio\Negocio.csproj", "{A37A5894-A2FF-42D1-8644-FB4499F59CBC}"
EndProject
Global
	GlobalSection(SolutionConfigurationPlatforms) = preSolution
		Debug|Any CPU = Debug|Any CPU
		Release|Any CPU = Release|Any CPU
	EndGlobalSection
	GlobalSection(ProjectConfigurationPlatforms) = postSolution
		{250433B4-7C4A-4A91-A708-CA0D94C21437}.Debug|Any CPU.ActiveCfg = Debug|Any CPU
		{250433B4-7C4A-4A91-A708-CA0D94C21437}.Debug|Any CPU.Build.0 = Debug|Any CPU
		{250433B4-7C4A-4A91-A708-CA0D94C21437}.Release|Any CPU.ActiveCfg = Release|Any CPU
		{250433B4-7C4A-4A91-A708-CA0D94C21437}.Release|Any CPU.Build.0 = Release|Any CPU
		{06A612B0-B255-4AF3-82BE-545524C6EDA1}.Debug|Any CPU.ActiveCfg = Debug|Any CPU
		{06A612B0-B255-4AF3-82BE-545524C6EDA1}.Debug|Any CPU.Build.0 = Debug|Any CPU
		{06A612B0-B255-4AF3-82BE-545524C6EDA1}.Release|Any CPU.ActiveCfg = Release|Any CPU
		{06A612B0-B255-4AF3-82BE-545524C6EDA1}.Release|Any CPU.Build.0 = Release|Any CPU
		{A37A5894-A2FF-42D1-8644-FB4499F59CBC}.Debug|Any CPU.ActiveCfg = Debug|Any CPU
		{A37A5894-A2FF-42D1-8644-FB4499F59CBC}.Debug|Any CPU.Build.0 = Debug|Any CPU
		{A37A5894-A2FF-42D1-8644-FB4499F59CBC}.Release|Any CPU.ActiveCfg = Release|Any CPU
		{A37A5894-A2FF-42D1-8644-FB4499F59CBC}.Release|Any CPU.Build.0 = Release|Any CPU
	EndGlobalSection
	GlobalSection(SolutionProperties) = preSolution
		HideSolutionNode = FALSE
	EndGlobalSection
	GlobalSection(ExtensibilityGlobals) = postSolution
		SolutionGuid = {832F946B-4104-4DE5-B21A-BD3C85F8E700}
	EndGlobalSection
EndGlobal
